
Microsoft Visual Studio Solution File, Format Version 12.00
# Visual Studio 2012
Project("{FAE04EC0-301F-11D3-BF4B-00C04F79EFBC}") = "FordFamilyEyeCare.Domain", "FordFamilyEyeCare.Domain\FordFamilyEyeCare.Domain.csproj", "{160B6785-35E5-49B8-83DA-09407FDBD96A}"
EndProject
Project("{FAE04EC0-301F-11D3-BF4B-00C04F79EFBC}") = "FordFamilyEyeCare.Web", "FordFamilyEyeCare.Web\FordFamilyEyeCare.Web.csproj", "{AE1A2172-0F90-4EA0-B7E4-3210A07A56D2}"
EndProject
Global
	GlobalSection(SolutionConfigurationPlatforms) = preSolution
		Debug|Any CPU = Debug|Any CPU
		Release|Any CPU = Release|Any CPU
	EndGlobalSection
	GlobalSection(ProjectConfigurationPlatforms) = postSolution
		{160B6785-35E5-49B8-83DA-09407FDBD96A}.Debug|Any CPU.ActiveCfg = Debug|Any CPU
		{160B6785-35E5-49B8-83DA-09407FDBD96A}.Debug|Any CPU.Build.0 = Debug|Any CPU
		{160B6785-35E5-49B8-83DA-09407FDBD96A}.Release|Any CPU.ActiveCfg = Release|Any CPU
		{160B6785-35E5-49B8-83DA-09407FDBD96A}.Release|Any CPU.Build.0 = Release|Any CPU
		{AE1A2172-0F90-4EA0-B7E4-3210A07A56D2}.Debug|Any CPU.ActiveCfg = Debug|Any CPU
		{AE1A2172-0F90-4EA0-B7E4-3210A07A56D2}.Debug|Any CPU.Build.0 = Debug|Any CPU
		{AE1A2172-0F90-4EA0-B7E4-3210A07A56D2}.Release|Any CPU.ActiveCfg = Release|Any CPU
		{AE1A2172-0F90-4EA0-B7E4-3210A07A56D2}.Release|Any CPU.Build.0 = Release|Any CPU
	EndGlobalSection
	GlobalSection(SolutionProperties) = preSolution
		HideSolutionNode = FALSE
	EndGlobalSection
EndGlobal
